
Microsoft Visual Studio Solution File, Format Version 12.00
# Visual Studio Version 16
VisualStudioVersion = 16.0.31624.102
MinimumVisualStudioVersion = 10.0.40219.1
Project("{8BC9CEB8-8B4A-11D0-8D11-00A0C91BC942}") = "hw2_csce612_dns", "hw2_csce612_dns\hw2_csce612_dns.vcxproj", "{4FE6AF05-B624-4A2B-8649-71993F10ED2A}"
EndProject
Global
	GlobalSection(SolutionConfigurationPlatforms) = preSolution
		Debug|x64 = Debug|x64
		Debug|x86 = Debug|x86
		Release|x64 = Release|x64
		Release|x86 = Release|x86
	EndGlobalSection
	GlobalSection(ProjectConfigurationPlatforms) = postSolution
		{4FE6AF05-B624-4A2B-8649-71993F10ED2A}.Debug|x64.ActiveCfg = Debug|x64
		{4FE6AF05-B624-4A2B-8649-71993F10ED2A}.Debug|x64.Build.0 = Debug|x64
		{4FE6AF05-B624-4A2B-8649-71993F10ED2A}.Debug|x86.ActiveCfg = Debug|Win32
		{4FE6AF05-B624-4A2B-8649-71993F10ED2A}.Debug|x86.Build.0 = Debug|Win32
		{4FE6AF05-B624-4A2B-8649-71993F10ED2A}.Release|x64.ActiveCfg = Release|x64
		{4FE6AF05-B624-4A2B-8649-71993F10ED2A}.Release|x64.Build.0 = Release|x64
		{4FE6AF05-B624-4A2B-8649-71993F10ED2A}.Release|x86.ActiveCfg = Release|Win32
		{4FE6AF05-B624-4A2B-8649-71993F10ED2A}.Release|x86.Build.0 = Release|Win32
	EndGlobalSection
	GlobalSection(SolutionProperties) = preSolution
		HideSolutionNode = FALSE
	EndGlobalSection
	GlobalSection(ExtensibilityGlobals) = postSolution
		SolutionGuid = {159AB6F1-0A89-4CB4-99B1-C18C308188DE}
	EndGlobalSection
EndGlobal
